
Microsoft Visual Studio Solution File, Format Version 12.00
# Visual Studio Version 17
VisualStudioVersion = 17.3.32929.385
MinimumVisualStudioVersion = 10.0.40219.1
Project("{9A19103F-16F7-4668-BE54-9A1E7A4F7556}") = "TwoSum", "TwoSum.csproj", "{DA90DC6A-1300-4AC3-8A40-FCEEA8247EB2}"
EndProject
Project("{9A19103F-16F7-4668-BE54-9A1E7A4F7556}") = "BestTimeBuyAndSell", "..\BestTimeBuyAndSell\BestTimeBuyAndSell.csproj", "{99D7270D-4ADF-483B-AED9-5B3AD1726E5B}"
EndProject
Project("{9A19103F-16F7-4668-BE54-9A1E7A4F7556}") = "ValidParentheses", "..\ValidParentheses\ValidParentheses.csproj", "{D02C2D53-CE6E-427F-AFEC-07D9062171A7}"
EndProject
Project("{9A19103F-16F7-4668-BE54-9A1E7A4F7556}") = "ValidPolindrom", "..\ValidPolindrom\ValidPolindrom.csproj", "{0D366CEF-B4CA-4E04-85BC-E66358D8EA66}"
EndProject
Project("{9A19103F-16F7-4668-BE54-9A1E7A4F7556}") = "ContainsDublicate", "..\ContainsDublicate\ContainsDublicate.csproj", "{BEE45E46-AF44-43BD-8087-57DCD19AEA8D}"
EndProject
Project("{9A19103F-16F7-4668-BE54-9A1E7A4F7556}") = "BinarySearch", "..\BinarySearch\BinarySearch.csproj", "{DD72A10E-0BB7-42EC-9D49-41660D3A895D}"
EndProject
Project("{9A19103F-16F7-4668-BE54-9A1E7A4F7556}") = "ValidAnagram", "..\ValidAnagram\ValidAnagram.csproj", "{97E0693B-C4FF-4C79-B0B4-CB5090970CE1}"
EndProject
Project("{9A19103F-16F7-4668-BE54-9A1E7A4F7556}") = "RunningSumOfOneDArray", "..\RunningSumOfOneDArray\RunningSumOfOneDArray.csproj", "{45D19966-B86F-4CC9-9614-5C3FC70F5321}"
EndProject
Project("{9A19103F-16F7-4668-BE54-9A1E7A4F7556}") = "FindPivotIndex", "..\FindPivotIndex\FindPivotIndex.csproj", "{1BC51811-F088-4260-BF1D-5DD95F6BBD98}"
EndProject
Project("{9A19103F-16F7-4668-BE54-9A1E7A4F7556}") = "IsomorphicStrings", "..\IsomorphicStrings\IsomorphicStrings.csproj", "{7AAFCAA2-DBD0-42FC-B9F3-1C4FDB1092C9}"
EndProject
Project("{FAE04EC0-301F-11D3-BF4B-00C04F79EFBC}") = "Subsequence", "..\Subsequence\Subsequence.csproj", "{128ECB40-1406-49EF-89FD-8E9979FC8F29}"
EndProject
Global
	GlobalSection(SolutionConfigurationPlatforms) = preSolution
		Debug|Any CPU = Debug|Any CPU
		Release|Any CPU = Release|Any CPU
	EndGlobalSection
	GlobalSection(ProjectConfigurationPlatforms) = postSolution
		{DA90DC6A-1300-4AC3-8A40-FCEEA8247EB2}.Debug|Any CPU.ActiveCfg = Debug|Any CPU
		{DA90DC6A-1300-4AC3-8A40-FCEEA8247EB2}.Debug|Any CPU.Build.0 = Debug|Any CPU
		{DA90DC6A-1300-4AC3-8A40-FCEEA8247EB2}.Release|Any CPU.ActiveCfg = Release|Any CPU
		{DA90DC6A-1300-4AC3-8A40-FCEEA8247EB2}.Release|Any CPU.Build.0 = Release|Any CPU
		{99D7270D-4ADF-483B-AED9-5B3AD1726E5B}.Debug|Any CPU.ActiveCfg = Debug|Any CPU
		{99D7270D-4ADF-483B-AED9-5B3AD1726E5B}.Debug|Any CPU.Build.0 = Debug|Any CPU
		{99D7270D-4ADF-483B-AED9-5B3AD1726E5B}.Release|Any CPU.ActiveCfg = Release|Any CPU
		{99D7270D-4ADF-483B-AED9-5B3AD1726E5B}.Release|Any CPU.Build.0 = Release|Any CPU
		{D02C2D53-CE6E-427F-AFEC-07D9062171A7}.Debug|Any CPU.ActiveCfg = Debug|Any CPU
		{D02C2D53-CE6E-427F-AFEC-07D9062171A7}.Debug|Any CPU.Build.0 = Debug|Any CPU
		{D02C2D53-CE6E-427F-AFEC-07D9062171A7}.Release|Any CPU.ActiveCfg = Release|Any CPU
		{D02C2D53-CE6E-427F-AFEC-07D9062171A7}.Release|Any CPU.Build.0 = Release|Any CPU
		{0D366CEF-B4CA-4E04-85BC-E66358D8EA66}.Debug|Any CPU.ActiveCfg = Debug|Any CPU
		{0D366CEF-B4CA-4E04-85BC-E66358D8EA66}.Debug|Any CPU.Build.0 = Debug|Any CPU
		{0D366CEF-B4CA-4E04-85BC-E66358D8EA66}.Release|Any CPU.ActiveCfg = Release|Any CPU
		{0D366CEF-B4CA-4E04-85BC-E66358D8EA66}.Release|Any CPU.Build.0 = Release|Any CPU
		{BEE45E46-AF44-43BD-8087-57DCD19AEA8D}.Debug|Any CPU.ActiveCfg = Debug|Any CPU
		{BEE45E46-AF44-43BD-8087-57DCD19AEA8D}.Debug|Any CPU.Build.0 = Debug|Any CPU
		{BEE45E46-AF44-43BD-8087-57DCD19AEA8D}.Release|Any CPU.ActiveCfg = Release|Any CPU
		{BEE45E46-AF44-43BD-8087-57DCD19AEA8D}.Release|Any CPU.Build.0 = Release|Any CPU
		{DD72A10E-0BB7-42EC-9D49-41660D3A895D}.Debug|Any CPU.ActiveCfg = Debug|Any CPU
		{DD72A10E-0BB7-42EC-9D49-41660D3A895D}.Debug|Any CPU.Build.0 = Debug|Any CPU
		{DD72A10E-0BB7-42EC-9D49-41660D3A895D}.Release|Any CPU.ActiveCfg = Release|Any CPU
		{DD72A10E-0BB7-42EC-9D49-41660D3A895D}.Release|Any CPU.Build.0 = Release|Any CPU
		{97E0693B-C4FF-4C79-B0B4-CB5090970CE1}.Debug|Any CPU.ActiveCfg = Debug|Any CPU
		{97E0693B-C4FF-4C79-B0B4-CB5090970CE1}.Debug|Any CPU.Build.0 = Debug|Any CPU
		{97E0693B-C4FF-4C79-B0B4-CB5090970CE1}.Release|Any CPU.ActiveCfg = Release|Any CPU
		{97E0693B-C4FF-4C79-B0B4-CB5090970CE1}.Release|Any CPU.Build.0 = Release|Any CPU
		{45D19966-B86F-4CC9-9614-5C3FC70F5321}.Debug|Any CPU.ActiveCfg = Debug|Any CPU
		{45D19966-B86F-4CC9-9614-5C3FC70F5321}.Debug|Any CPU.Build.0 = Debug|Any CPU
		{45D19966-B86F-4CC9-9614-5C3FC70F5321}.Release|Any CPU.ActiveCfg = Release|Any CPU
		{45D19966-B86F-4CC9-9614-5C3FC70F5321}.Release|Any CPU.Build.0 = Release|Any CPU
		{1BC51811-F088-4260-BF1D-5DD95F6BBD98}.Debug|Any CPU.ActiveCfg = Debug|Any CPU
		{1BC51811-F088-4260-BF1D-5DD95F6BBD98}.Debug|Any CPU.Build.0 = Debug|Any CPU
		{1BC51811-F088-4260-BF1D-5DD95F6BBD98}.Release|Any CPU.ActiveCfg = Release|Any CPU
		{1BC51811-F088-4260-BF1D-5DD95F6BBD98}.Release|Any CPU.Build.0 = Release|Any CPU
		{7AAFCAA2-DBD0-42FC-B9F3-1C4FDB1092C9}.Debug|Any CPU.ActiveCfg = Debug|Any CPU
		{7AAFCAA2-DBD0-42FC-B9F3-1C4FDB1092C9}.Debug|Any CPU.Build.0 = Debug|Any CPU
		{7AAFCAA2-DBD0-42FC-B9F3-1C4FDB1092C9}.Release|Any CPU.ActiveCfg = Release|Any CPU
		{7AAFCAA2-DBD0-42FC-B9F3-1C4FDB1092C9}.Release|Any CPU.Build.0 = Release|Any CPU
		{128ECB40-1406-49EF-89FD-8E9979FC8F29}.Debug|Any CPU.ActiveCfg = Debug|Any CPU
		{128ECB40-1406-49EF-89FD-8E9979FC8F29}.Debug|Any CPU.Build.0 = Debug|Any CPU
		{128ECB40-1406-49EF-89FD-8E9979FC8F29}.Release|Any CPU.ActiveCfg = Release|Any CPU
		{128ECB40-1406-49EF-89FD-8E9979FC8F29}.Release|Any CPU.Build.0 = Release|Any CPU
	EndGlobalSection
	GlobalSection(SolutionProperties) = preSolution
		HideSolutionNode = FALSE
	EndGlobalSection
	GlobalSection(ExtensibilityGlobals) = postSolution
		SolutionGuid = {E15FC65A-9033-4857-95E8-55DEA5935093}
	EndGlobalSection
EndGlobal
